// !$*UTF8*$!
{
	archiveVersion = 1;
	classes = {
	};
	objectVersion = 77;
	objects = {

/* Begin PBXBuildFile section */
		0303A1333DD060BF8352DE68 /* StyleDefinition.swift in Sources */ = {isa = PBXBuildFile; fileRef = CD0760C608E8025F3C1A2795 /* StyleDefinition.swift */; };
		0510D0864FA49BE500A9E158 /* StyleView.swift in Sources */ = {isa = PBXBuildFile; fileRef = 916EEDA0FE5412D7A054A57B /* StyleView.swift */; };
		0A738132EF947FB09B094F98 /* KeychainService.swift in Sources */ = {isa = PBXBuildFile; fileRef = B2553A56E64901B4087526DC /* KeychainService.swift */; };
		1D152D8D79B8F2504BCFADF0 /* HeaderView.swift in Sources */ = {isa = PBXBuildFile; fileRef = C5B8042923F63EEEE03742C7 /* HeaderView.swift */; };
		2419744A6B1C48522CF6EFE9 /* KeyframeApp.swift in Sources */ = {isa = PBXBuildFile; fileRef = 723C12F97F0A1B771E1506C2 /* KeyframeApp.swift */; };
		31B4213E4C48D61F2318F682 /* ProjectFileTests.swift in Sources */ = {isa = PBXBuildFile; fileRef = 676F4B26C049837DC52BBD24 /* ProjectFileTests.swift */; };
		3CCAE5E60778FC277A30FE71 /* OAuthService.swift in Sources */ = {isa = PBXBuildFile; fileRef = B0462F67FE4F0A69B360C65C /* OAuthService.swift */; };
		452DA4E62D8E18C8CCA48BB2 /* AppStateTests.swift in Sources */ = {isa = PBXBuildFile; fileRef = 32192D97A0FF418D9F7ED72B /* AppStateTests.swift */; };
		496019E2CAD6447D4048A873 /* AIServiceProvider.swift in Sources */ = {isa = PBXBuildFile; fileRef = BB8AB658DC41A2B81E97DA08 /* AIServiceProvider.swift */; };
		4C00F450026363ED8AF39712 /* AppState.swift in Sources */ = {isa = PBXBuildFile; fileRef = 8692C90BFFD766B4377C7D81 /* AppState.swift */; };
		53806FEF39A1477B4427F742 /* SidebarView.swift in Sources */ = {isa = PBXBuildFile; fileRef = 50B88C5401C8CA0332A348D7 /* SidebarView.swift */; };
		58B91558826CC93E6918DAF3 /* Character.swift in Sources */ = {isa = PBXBuildFile; fileRef = 2FFB22A88C67634B55E76448 /* Character.swift */; };
		6748442EE1C7BD4B42D55E9F /* AuthTests.swift in Sources */ = {isa = PBXBuildFile; fileRef = 793A5878D4E63A5B68524966 /* AuthTests.swift */; };
		6CD6A7D7BEF6791505E524FB /* CastView.swift in Sources */ = {isa = PBXBuildFile; fileRef = 0CF621876217331FD673854D /* CastView.swift */; };
		6CE659C7423A6E55D25A6D61 /* ContentView.swift in Sources */ = {isa = PBXBuildFile; fileRef = 94BA98A4FDC0BD1D536C6496 /* ContentView.swift */; };
		6D648B88D28DDB590E177799 /* ProjectModelTests.swift in Sources */ = {isa = PBXBuildFile; fileRef = 70FCBE6510C714B1E4B3403D /* ProjectModelTests.swift */; };
		6E15DAF40AB3AD1D5BE23740 /* AuthManager.swift in Sources */ = {isa = PBXBuildFile; fileRef = 5F8C99D14E237AB739E2343C /* AuthManager.swift */; };
		728BC97A48E8A4670B2034DC /* CodexDetector.swift in Sources */ = {isa = PBXBuildFile; fileRef = 2DEB7AFF5D3A89F732CF0DFC /* CodexDetector.swift */; };
		75FC5BFA7FC24D94B59C2C85 /* ChatView.swift in Sources */ = {isa = PBXBuildFile; fileRef = 2F2F91B1DC5C451371E1FA3D /* ChatView.swift */; };
		804E816FF23BA4F7486E8F7F /* CanvasView.swift in Sources */ = {isa = PBXBuildFile; fileRef = 3045593CE49A4B59718556D2 /* CanvasView.swift */; };
		A1AF418CA5CE7617E690F5EF /* PhaseIndicator.swift in Sources */ = {isa = PBXBuildFile; fileRef = A37980FFDE0A319DB20308D3 /* PhaseIndicator.swift */; };
		B0CAC1F3899433D7F5FE3FC1 /* SetupView.swift in Sources */ = {isa = PBXBuildFile; fileRef = 688EF3696F3DB307C6B9467B /* SetupView.swift */; };
		B60277EAF7C4794DAC15022C /* PDFExporter.swift in Sources */ = {isa = PBXBuildFile; fileRef = 21ECA15CF276DE3DB74A7860 /* PDFExporter.swift */; };
		C24DB7465ED85249418C9064 /* OpenAIService.swift in Sources */ = {isa = PBXBuildFile; fileRef = 2EF52D5F8EC061B5850013A7 /* OpenAIService.swift */; };
		C5E96FFA0B9F18E8B718504F /* Project.swift in Sources */ = {isa = PBXBuildFile; fileRef = D28BA0246AD872D2685EF7BA /* Project.swift */; };
		D7D513259296928EAA474B10 /* Phase.swift in Sources */ = {isa = PBXBuildFile; fileRef = 28FE8A1953AE7800C5FC44E6 /* Phase.swift */; };
		DDB71DB2F20F371282CC6256 /* ProjectFileManager.swift in Sources */ = {isa = PBXBuildFile; fileRef = 8F7722CBAA855F16848C0841 /* ProjectFileManager.swift */; };
		DF93ABCF07EDFF8F82CC3810 /* BuiltInTemplates.swift in Sources */ = {isa = PBXBuildFile; fileRef = 59D2882B450A3DEBC7CA9D70 /* BuiltInTemplates.swift */; };
		E89EC7D2F857DDCA0EB8572C /* OpenAIServiceTests.swift in Sources */ = {isa = PBXBuildFile; fileRef = 7B1037B4E321262C4E282B7C /* OpenAIServiceTests.swift */; };
		F7C775C46FD13AA85D376B7C /* StoryboardFrame.swift in Sources */ = {isa = PBXBuildFile; fileRef = 1A96413F5ED27526E9E37A71 /* StoryboardFrame.swift */; };
		FBE938C94096F539A4EB9D65 /* Template.swift in Sources */ = {isa = PBXBuildFile; fileRef = D4F621A26DE765B2E4721A32 /* Template.swift */; };
/* End PBXBuildFile section */

/* Begin PBXContainerItemProxy section */
		0EA130734363EEC64AC9D295 /* PBXContainerItemProxy */ = {
			isa = PBXContainerItemProxy;
			containerPortal = E541C2867633E8E800B21A67 /* Project object */;
			proxyType = 1;
			remoteGlobalIDString = CF997336FCC88BFC384C2AB7;
			remoteInfo = Keyframe;
		};
/* End PBXContainerItemProxy section */

/* Begin PBXFileReference section */
		0CF621876217331FD673854D /* CastView.swift */ = {isa = PBXFileReference; lastKnownFileType = sourcecode.swift; path = CastView.swift; sourceTree = "<group>"; };
		1A96413F5ED27526E9E37A71 /* StoryboardFrame.swift */ = {isa = PBXFileReference; lastKnownFileType = sourcecode.swift; path = StoryboardFrame.swift; sourceTree = "<group>"; };
		21ECA15CF276DE3DB74A7860 /* PDFExporter.swift */ = {isa = PBXFileReference; lastKnownFileType = sourcecode.swift; path = PDFExporter.swift; sourceTree = "<group>"; };
		28FE8A1953AE7800C5FC44E6 /* Phase.swift */ = {isa = PBXFileReference; lastKnownFileType = sourcecode.swift; path = Phase.swift; sourceTree = "<group>"; };
		2DEB7AFF5D3A89F732CF0DFC /* CodexDetector.swift */ = {isa = PBXFileReference; lastKnownFileType = sourcecode.swift; path = CodexDetector.swift; sourceTree = "<group>"; };
		2EF52D5F8EC061B5850013A7 /* OpenAIService.swift */ = {isa = PBXFileReference; lastKnownFileType = sourcecode.swift; path = OpenAIService.swift; sourceTree = "<group>"; };
		2F2F91B1DC5C451371E1FA3D /* ChatView.swift */ = {isa = PBXFileReference; lastKnownFileType = sourcecode.swift; path = ChatView.swift; sourceTree = "<group>"; };
		2FFB22A88C67634B55E76448 /* Character.swift */ = {isa = PBXFileReference; lastKnownFileType = sourcecode.swift; path = Character.swift; sourceTree = "<group>"; };
		3045593CE49A4B59718556D2 /* CanvasView.swift */ = {isa = PBXFileReference; lastKnownFileType = sourcecode.swift; path = CanvasView.swift; sourceTree = "<group>"; };
		32192D97A0FF418D9F7ED72B /* AppStateTests.swift */ = {isa = PBXFileReference; lastKnownFileType = sourcecode.swift; path = AppStateTests.swift; sourceTree = "<group>"; };
		50B88C5401C8CA0332A348D7 /* SidebarView.swift */ = {isa = PBXFileReference; lastKnownFileType = sourcecode.swift; path = SidebarView.swift; sourceTree = "<group>"; };
		59D2882B450A3DEBC7CA9D70 /* BuiltInTemplates.swift */ = {isa = PBXFileReference; lastKnownFileType = sourcecode.swift; path = BuiltInTemplates.swift; sourceTree = "<group>"; };
		5F8C99D14E237AB739E2343C /* AuthManager.swift */ = {isa = PBXFileReference; lastKnownFileType = sourcecode.swift; path = AuthManager.swift; sourceTree = "<group>"; };
		676F4B26C049837DC52BBD24 /* ProjectFileTests.swift */ = {isa = PBXFileReference; lastKnownFileType = sourcecode.swift; path = ProjectFileTests.swift; sourceTree = "<group>"; };
		688EF3696F3DB307C6B9467B /* SetupView.swift */ = {isa = PBXFileReference; lastKnownFileType = sourcecode.swift; path = SetupView.swift; sourceTree = "<group>"; };
		70FCBE6510C714B1E4B3403D /* ProjectModelTests.swift */ = {isa = PBXFileReference; lastKnownFileType = sourcecode.swift; path = ProjectModelTests.swift; sourceTree = "<group>"; };
		723C12F97F0A1B771E1506C2 /* KeyframeApp.swift */ = {isa = PBXFileReference; lastKnownFileType = sourcecode.swift; path = KeyframeApp.swift; sourceTree = "<group>"; };
		793A5878D4E63A5B68524966 /* AuthTests.swift */ = {isa = PBXFileReference; lastKnownFileType = sourcecode.swift; path = AuthTests.swift; sourceTree = "<group>"; };
		7B1037B4E321262C4E282B7C /* OpenAIServiceTests.swift */ = {isa = PBXFileReference; lastKnownFileType = sourcecode.swift; path = OpenAIServiceTests.swift; sourceTree = "<group>"; };
		8692C90BFFD766B4377C7D81 /* AppState.swift */ = {isa = PBXFileReference; lastKnownFileType = sourcecode.swift; path = AppState.swift; sourceTree = "<group>"; };
		8F7722CBAA855F16848C0841 /* ProjectFileManager.swift */ = {isa = PBXFileReference; lastKnownFileType = sourcecode.swift; path = ProjectFileManager.swift; sourceTree = "<group>"; };
		916EEDA0FE5412D7A054A57B /* StyleView.swift */ = {isa = PBXFileReference; lastKnownFileType = sourcecode.swift; path = StyleView.swift; sourceTree = "<group>"; };
		94BA98A4FDC0BD1D536C6496 /* ContentView.swift */ = {isa = PBXFileReference; lastKnownFileType = sourcecode.swift; path = ContentView.swift; sourceTree = "<group>"; };
		A37980FFDE0A319DB20308D3 /* PhaseIndicator.swift */ = {isa = PBXFileReference; lastKnownFileType = sourcecode.swift; path = PhaseIndicator.swift; sourceTree = "<group>"; };
		B0462F67FE4F0A69B360C65C /* OAuthService.swift */ = {isa = PBXFileReference; lastKnownFileType = sourcecode.swift; path = OAuthService.swift; sourceTree = "<group>"; };
		B2553A56E64901B4087526DC /* KeychainService.swift */ = {isa = PBXFileReference; lastKnownFileType = sourcecode.swift; path = KeychainService.swift; sourceTree = "<group>"; };
		B7223CC8BBE07AB7E7DDBA0D /* KeyframeTests.xctest */ = {isa = PBXFileReference; explicitFileType = wrapper.cfbundle; includeInIndex = 0; path = KeyframeTests.xctest; sourceTree = BUILT_PRODUCTS_DIR; };
		BB8AB658DC41A2B81E97DA08 /* AIServiceProvider.swift */ = {isa = PBXFileReference; lastKnownFileType = sourcecode.swift; path = AIServiceProvider.swift; sourceTree = "<group>"; };
		C5B8042923F63EEEE03742C7 /* HeaderView.swift */ = {isa = PBXFileReference; lastKnownFileType = sourcecode.swift; path = HeaderView.swift; sourceTree = "<group>"; };
		C743F9923B49F00058CD7BA3 /* Keyframe.app */ = {isa = PBXFileReference; explicitFileType = wrapper.application; includeInIndex = 0; path = Keyframe.app; sourceTree = BUILT_PRODUCTS_DIR; };
		CD0760C608E8025F3C1A2795 /* StyleDefinition.swift */ = {isa = PBXFileReference; lastKnownFileType = sourcecode.swift; path = StyleDefinition.swift; sourceTree = "<group>"; };
		D28BA0246AD872D2685EF7BA /* Project.swift */ = {isa = PBXFileReference; lastKnownFileType = sourcecode.swift; path = Project.swift; sourceTree = "<group>"; };
		D4F621A26DE765B2E4721A32 /* Template.swift */ = {isa = PBXFileReference; lastKnownFileType = sourcecode.swift; path = Template.swift; sourceTree = "<group>"; };
/* End PBXFileReference section */

/* Begin PBXGroup section */
		08FF4EFB8FA23AF1AEB76F0C /* State */ = {
			isa = PBXGroup;
			children = (
				8692C90BFFD766B4377C7D81 /* AppState.swift */,
			);
			path = State;
			sourceTree = "<group>";
		};
		37B87D755F1B9AA7E92004F9 /* Services */ = {
			isa = PBXGroup;
			children = (
				BB8AB658DC41A2B81E97DA08 /* AIServiceProvider.swift */,
				5F8C99D14E237AB739E2343C /* AuthManager.swift */,
				2DEB7AFF5D3A89F732CF0DFC /* CodexDetector.swift */,
				B2553A56E64901B4087526DC /* KeychainService.swift */,
				B0462F67FE4F0A69B360C65C /* OAuthService.swift */,
				2EF52D5F8EC061B5850013A7 /* OpenAIService.swift */,
				21ECA15CF276DE3DB74A7860 /* PDFExporter.swift */,
				8F7722CBAA855F16848C0841 /* ProjectFileManager.swift */,
			);
			path = Services;
			sourceTree = "<group>";
		};
		3B4EE01CF1979ED3DC6FA114 = {
			isa = PBXGroup;
			children = (
				FB0BCC37096E2D3C61CD9823 /* Keyframe */,
				941953C813F709BF58FA2F52 /* KeyframeTests */,
				FDCC50532D8214D2C2B01A46 /* Products */,
			);
			sourceTree = "<group>";
		};
		82E7152B009E37A1DCE7ADB7 /* Data */ = {
			isa = PBXGroup;
			children = (
				59D2882B450A3DEBC7CA9D70 /* BuiltInTemplates.swift */,
			);
			path = Data;
			sourceTree = "<group>";
		};
		941953C813F709BF58FA2F52 /* KeyframeTests */ = {
			isa = PBXGroup;
			children = (
				32192D97A0FF418D9F7ED72B /* AppStateTests.swift */,
				793A5878D4E63A5B68524966 /* AuthTests.swift */,
				7B1037B4E321262C4E282B7C /* OpenAIServiceTests.swift */,
				676F4B26C049837DC52BBD24 /* ProjectFileTests.swift */,
				70FCBE6510C714B1E4B3403D /* ProjectModelTests.swift */,
			);
			path = KeyframeTests;
			sourceTree = "<group>";
		};
		CEBC5341C821F35D60B7D372 /* Models */ = {
			isa = PBXGroup;
			children = (
				2FFB22A88C67634B55E76448 /* Character.swift */,
				28FE8A1953AE7800C5FC44E6 /* Phase.swift */,
				D28BA0246AD872D2685EF7BA /* Project.swift */,
				1A96413F5ED27526E9E37A71 /* StoryboardFrame.swift */,
				CD0760C608E8025F3C1A2795 /* StyleDefinition.swift */,
				D4F621A26DE765B2E4721A32 /* Template.swift */,
			);
			path = Models;
			sourceTree = "<group>";
		};
		E798540AE8FE81F1F4E893E6 /* Views */ = {
			isa = PBXGroup;
			children = (
				3045593CE49A4B59718556D2 /* CanvasView.swift */,
				0CF621876217331FD673854D /* CastView.swift */,
				2F2F91B1DC5C451371E1FA3D /* ChatView.swift */,
				94BA98A4FDC0BD1D536C6496 /* ContentView.swift */,
				C5B8042923F63EEEE03742C7 /* HeaderView.swift */,
				A37980FFDE0A319DB20308D3 /* PhaseIndicator.swift */,
				688EF3696F3DB307C6B9467B /* SetupView.swift */,
				50B88C5401C8CA0332A348D7 /* SidebarView.swift */,
				916EEDA0FE5412D7A054A57B /* StyleView.swift */,
			);
			path = Views;
			sourceTree = "<group>";
		};
		FB0BCC37096E2D3C61CD9823 /* Keyframe */ = {
			isa = PBXGroup;
			children = (
				723C12F97F0A1B771E1506C2 /* KeyframeApp.swift */,
				82E7152B009E37A1DCE7ADB7 /* Data */,
				CEBC5341C821F35D60B7D372 /* Models */,
				37B87D755F1B9AA7E92004F9 /* Services */,
				08FF4EFB8FA23AF1AEB76F0C /* State */,
				E798540AE8FE81F1F4E893E6 /* Views */,
			);
			path = Keyframe;
			sourceTree = "<group>";
		};
		FDCC50532D8214D2C2B01A46 /* Products */ = {
			isa = PBXGroup;
			children = (
				C743F9923B49F00058CD7BA3 /* Keyframe.app */,
				B7223CC8BBE07AB7E7DDBA0D /* KeyframeTests.xctest */,
			);
			name = Products;
			sourceTree = "<group>";
		};
/* End PBXGroup section */

/* Begin PBXNativeTarget section */
		77733A82D998628AEA2078EF /* KeyframeTests */ = {
			isa = PBXNativeTarget;
			buildConfigurationList = EEF98EB5AF68A5C8ED5D2B60 /* Build configuration list for PBXNativeTarget "KeyframeTests" */;
			buildPhases = (
				DF1636CC2564B24FE82F693F /* Sources */,
			);
			buildRules = (
			);
			dependencies = (
				5BA8CA106C6D31C902418400 /* PBXTargetDependency */,
			);
			name = KeyframeTests;
			packageProductDependencies = (
			);
			productName = KeyframeTests;
			productReference = B7223CC8BBE07AB7E7DDBA0D /* KeyframeTests.xctest */;
			productType = "com.apple.product-type.bundle.unit-test";
		};
		CF997336FCC88BFC384C2AB7 /* Keyframe */ = {
			isa = PBXNativeTarget;
			buildConfigurationList = 522D028C10D34EC7BB8991E0 /* Build configuration list for PBXNativeTarget "Keyframe" */;
			buildPhases = (
				3741094C6BB6728A280D34BF /* Sources */,
			);
			buildRules = (
			);
			dependencies = (
			);
			name = Keyframe;
			packageProductDependencies = (
			);
			productName = Keyframe;
			productReference = C743F9923B49F00058CD7BA3 /* Keyframe.app */;
			productType = "com.apple.product-type.application";
		};
/* End PBXNativeTarget section */

/* Begin PBXProject section */
		E541C2867633E8E800B21A67 /* Project object */ = {
			isa = PBXProject;
			attributes = {
				BuildIndependentTargetsInParallel = YES;
				LastUpgradeCheck = 2640;
			};
			buildConfigurationList = F60907B92363D5DA92E7BBEC /* Build configuration list for PBXProject "Keyframe" */;
			compatibilityVersion = "Xcode 14.0";
			developmentRegion = en;
			hasScannedForEncodings = 0;
			knownRegions = (
				Base,
				en,
			);
			mainGroup = 3B4EE01CF1979ED3DC6FA114;
			minimizedProjectReferenceProxies = 1;
			preferredProjectObjectVersion = 77;
			projectDirPath = "";
			projectRoot = "";
			targets = (
				CF997336FCC88BFC384C2AB7 /* Keyframe */,
				77733A82D998628AEA2078EF /* KeyframeTests */,
			);
		};
/* End PBXProject section */

/* Begin PBXSourcesBuildPhase section */
		3741094C6BB6728A280D34BF /* Sources */ = {
			isa = PBXSourcesBuildPhase;
			buildActionMask = 2147483647;
			files = (
				496019E2CAD6447D4048A873 /* AIServiceProvider.swift in Sources */,
				4C00F450026363ED8AF39712 /* AppState.swift in Sources */,
				6E15DAF40AB3AD1D5BE23740 /* AuthManager.swift in Sources */,
				DF93ABCF07EDFF8F82CC3810 /* BuiltInTemplates.swift in Sources */,
				804E816FF23BA4F7486E8F7F /* CanvasView.swift in Sources */,
				6CD6A7D7BEF6791505E524FB /* CastView.swift in Sources */,
				58B91558826CC93E6918DAF3 /* Character.swift in Sources */,
				75FC5BFA7FC24D94B59C2C85 /* ChatView.swift in Sources */,
				728BC97A48E8A4670B2034DC /* CodexDetector.swift in Sources */,
				6CE659C7423A6E55D25A6D61 /* ContentView.swift in Sources */,
				1D152D8D79B8F2504BCFADF0 /* HeaderView.swift in Sources */,
				0A738132EF947FB09B094F98 /* KeychainService.swift in Sources */,
				2419744A6B1C48522CF6EFE9 /* KeyframeApp.swift in Sources */,
				3CCAE5E60778FC277A30FE71 /* OAuthService.swift in Sources */,
				C24DB7465ED85249418C9064 /* OpenAIService.swift in Sources */,
				B60277EAF7C4794DAC15022C /* PDFExporter.swift in Sources */,
				D7D513259296928EAA474B10 /* Phase.swift in Sources */,
				A1AF418CA5CE7617E690F5EF /* PhaseIndicator.swift in Sources */,
				C5E96FFA0B9F18E8B718504F /* Project.swift in Sources */,
				DDB71DB2F20F371282CC6256 /* ProjectFileManager.swift in Sources */,
				B0CAC1F3899433D7F5FE3FC1 /* SetupView.swift in Sources */,
				53806FEF39A1477B4427F742 /* SidebarView.swift in Sources */,
				F7C775C46FD13AA85D376B7C /* StoryboardFrame.swift in Sources */,
				0303A1333DD060BF8352DE68 /* StyleDefinition.swift in Sources */,
				0510D0864FA49BE500A9E158 /* StyleView.swift in Sources */,
				FBE938C94096F539A4EB9D65 /* Template.swift in Sources */,
			);
			runOnlyForDeploymentPostprocessing = 0;
		};
		DF1636CC2564B24FE82F693F /* Sources */ = {
			isa = PBXSourcesBuildPhase;
			buildActionMask = 2147483647;
			files = (
				452DA4E62D8E18C8CCA48BB2 /* AppStateTests.swift in Sources */,
				6748442EE1C7BD4B42D55E9F /* AuthTests.swift in Sources */,
				E89EC7D2F857DDCA0EB8572C /* OpenAIServiceTests.swift in Sources */,
				31B4213E4C48D61F2318F682 /* ProjectFileTests.swift in Sources */,
				6D648B88D28DDB590E177799 /* ProjectModelTests.swift in Sources */,
			);
			runOnlyForDeploymentPostprocessing = 0;
		};
/* End PBXSourcesBuildPhase section */

/* Begin PBXTargetDependency section */
		5BA8CA106C6D31C902418400 /* PBXTargetDependency */ = {
			isa = PBXTargetDependency;
			target = CF997336FCC88BFC384C2AB7 /* Keyframe */;
			targetProxy = 0EA130734363EEC64AC9D295 /* PBXContainerItemProxy */;
		};
/* End PBXTargetDependency section */

/* Begin XCBuildConfiguration section */
		2396D76B2D47641E6E30677C /* Release */ = {
			isa = XCBuildConfiguration;
			buildSettings = {
				ALWAYS_SEARCH_USER_PATHS = NO;
				CLANG_ANALYZER_NONNULL = YES;
				CLANG_ANALYZER_NUMBER_OBJECT_CONVERSION = YES_AGGRESSIVE;
				CLANG_CXX_LANGUAGE_STANDARD = "gnu++14";
				CLANG_CXX_LIBRARY = "libc++";
				CLANG_ENABLE_MODULES = YES;
				CLANG_ENABLE_OBJC_ARC = YES;
				CLANG_ENABLE_OBJC_WEAK = YES;
				CLANG_WARN_BLOCK_CAPTURE_AUTORELEASING = YES;
				CLANG_WARN_BOOL_CONVERSION = YES;
				CLANG_WARN_COMMA = YES;
				CLANG_WARN_CONSTANT_CONVERSION = YES;
				CLANG_WARN_DEPRECATED_OBJC_IMPLEMENTATIONS = YES;
				CLANG_WARN_DIRECT_OBJC_ISA_USAGE = YES_ERROR;
				CLANG_WARN_DOCUMENTATION_COMMENTS = YES;
				CLANG_WARN_EMPTY_BODY = YES;
				CLANG_WARN_ENUM_CONVERSION = YES;
				CLANG_WARN_INFINITE_RECURSION = YES;
				CLANG_WARN_INT_CONVERSION = YES;
				CLANG_WARN_NON_LITERAL_NULL_CONVERSION = YES;
				CLANG_WARN_OBJC_IMPLICIT_RETAIN_SELF = YES;
				CLANG_WARN_OBJC_LITERAL_CONVERSION = YES;
				CLANG_WARN_OBJC_ROOT_CLASS = YES_ERROR;
				CLANG_WARN_QUOTED_INCLUDE_IN_FRAMEWORK_HEADER = YES;
				CLANG_WARN_RANGE_LOOP_ANALYSIS = YES;
				CLANG_WARN_STRICT_PROTOTYPES = YES;
				CLANG_WARN_SUSPICIOUS_MOVE = YES;
				CLANG_WARN_UNGUARDED_AVAILABILITY = YES_AGGRESSIVE;
				CLANG_WARN_UNREACHABLE_CODE = YES;
				CLANG_WARN__DUPLICATE_METHOD_MATCH = YES;
				COPY_PHASE_STRIP = NO;
				DEBUG_INFORMATION_FORMAT = "dwarf-with-dsym";
				ENABLE_NS_ASSERTIONS = NO;
				ENABLE_STRICT_OBJC_MSGSEND = YES;
				GCC_C_LANGUAGE_STANDARD = gnu11;
				GCC_NO_COMMON_BLOCKS = YES;
				GCC_WARN_64_TO_32_BIT_CONVERSION = YES;
				GCC_WARN_ABOUT_RETURN_TYPE = YES_ERROR;
				GCC_WARN_UNDECLARED_SELECTOR = YES;
				GCC_WARN_UNINITIALIZED_AUTOS = YES_AGGRESSIVE;
				GCC_WARN_UNUSED_FUNCTION = YES;
				GCC_WARN_UNUSED_VARIABLE = YES;
				MACOSX_DEPLOYMENT_TARGET = 14.0;
				MTL_ENABLE_DEBUG_INFO = NO;
				MTL_FAST_MATH = YES;
				PRODUCT_NAME = "$(TARGET_NAME)";
				SDKROOT = macosx;
				SWIFT_COMPILATION_MODE = wholemodule;
				SWIFT_OPTIMIZATION_LEVEL = "-O";
				SWIFT_VERSION = 6.0;
			};
			name = Release;
		};
		27582B4FF203F03B1EDBAF81 /* Debug */ = {
			isa = XCBuildConfiguration;
			buildSettings = {
				ASSETCATALOG_COMPILER_APPICON_NAME = AppIcon;
				CODE_SIGN_ENTITLEMENTS = Keyframe/Resources/Keyframe.entitlements;
				COMBINE_HIDPI_IMAGES = YES;
				ENABLE_PREVIEWS = YES;
				GENERATE_INFOPLIST_FILE = YES;
				INFOPLIST_KEY_CFBundleDisplayName = Keyframe;
				INFOPLIST_KEY_LSApplicationCategoryType = "public.app-category.graphics-design";
				LD_RUNPATH_SEARCH_PATHS = (
					"$(inherited)",
					"@executable_path/../Frameworks",
				);
				PRODUCT_BUNDLE_IDENTIFIER = com.szoloth.keyframe;
				PRODUCT_NAME = Keyframe;
				SDKROOT = macosx;
				SWIFT_EMIT_LOC_STRINGS = YES;
			};
			name = Debug;
		};
		4E8A9F410063D16CC211BF65 /* Debug */ = {
			isa = XCBuildConfiguration;
			buildSettings = {
				BUNDLE_LOADER = "$(TEST_HOST)";
				COMBINE_HIDPI_IMAGES = YES;
				GENERATE_INFOPLIST_FILE = YES;
				LD_RUNPATH_SEARCH_PATHS = (
					"$(inherited)",
					"@executable_path/../Frameworks",
					"@loader_path/../Frameworks",
				);
				PRODUCT_BUNDLE_IDENTIFIER = com.szoloth.keyframe.tests;
				SDKROOT = macosx;
				TEST_HOST = "$(BUILT_PRODUCTS_DIR)/Keyframe.app/Contents/MacOS/Keyframe";
			};
			name = Debug;
		};
		69F617140995D3F60C2F0B9D /* Release */ = {
			isa = XCBuildConfiguration;
			buildSettings = {
				ASSETCATALOG_COMPILER_APPICON_NAME = AppIcon;
				CODE_SIGN_ENTITLEMENTS = Keyframe/Resources/Keyframe.entitlements;
				COMBINE_HIDPI_IMAGES = YES;
				ENABLE_PREVIEWS = YES;
				GENERATE_INFOPLIST_FILE = YES;
				INFOPLIST_KEY_CFBundleDisplayName = Keyframe;
				INFOPLIST_KEY_LSApplicationCategoryType = "public.app-category.graphics-design";
				LD_RUNPATH_SEARCH_PATHS = (
					"$(inherited)",
					"@executable_path/../Frameworks",
				);
				PRODUCT_BUNDLE_IDENTIFIER = com.szoloth.keyframe;
				PRODUCT_NAME = Keyframe;
				SDKROOT = macosx;
				SWIFT_EMIT_LOC_STRINGS = YES;
			};
			name = Release;
		};
		AACE985B5F1A9109FAB7220E /* Debug */ = {
			isa = XCBuildConfiguration;
			buildSettings = {
				ALWAYS_SEARCH_USER_PATHS = NO;
				CLANG_ANALYZER_NONNULL = YES;
				CLANG_ANALYZER_NUMBER_OBJECT_CONVERSION = YES_AGGRESSIVE;
				CLANG_CXX_LANGUAGE_STANDARD = "gnu++14";
				CLANG_CXX_LIBRARY = "libc++";
				CLANG_ENABLE_MODULES = YES;
				CLANG_ENABLE_OBJC_ARC = YES;
				CLANG_ENABLE_OBJC_WEAK = YES;
				CLANG_WARN_BLOCK_CAPTURE_AUTORELEASING = YES;
				CLANG_WARN_BOOL_CONVERSION = YES;
				CLANG_WARN_COMMA = YES;
				CLANG_WARN_CONSTANT_CONVERSION = YES;
				CLANG_WARN_DEPRECATED_OBJC_IMPLEMENTATIONS = YES;
				CLANG_WARN_DIRECT_OBJC_ISA_USAGE = YES_ERROR;
				CLANG_WARN_DOCUMENTATION_COMMENTS = YES;
				CLANG_WARN_EMPTY_BODY = YES;
				CLANG_WARN_ENUM_CONVERSION = YES;
				CLANG_WARN_INFINITE_RECURSION = YES;
				CLANG_WARN_INT_CONVERSION = YES;
				CLANG_WARN_NON_LITERAL_NULL_CONVERSION = YES;
				CLANG_WARN_OBJC_IMPLICIT_RETAIN_SELF = YES;
				CLANG_WARN_OBJC_LITERAL_CONVERSION = YES;
				CLANG_WARN_OBJC_ROOT_CLASS = YES_ERROR;
				CLANG_WARN_QUOTED_INCLUDE_IN_FRAMEWORK_HEADER = YES;
				CLANG_WARN_RANGE_LOOP_ANALYSIS = YES;
				CLANG_WARN_STRICT_PROTOTYPES = YES;
				CLANG_WARN_SUSPICIOUS_MOVE = YES;
				CLANG_WARN_UNGUARDED_AVAILABILITY = YES_AGGRESSIVE;
				CLANG_WARN_UNREACHABLE_CODE = YES;
				CLANG_WARN__DUPLICATE_METHOD_MATCH = YES;
				COPY_PHASE_STRIP = NO;
				DEBUG_INFORMATION_FORMAT = dwarf;
				ENABLE_STRICT_OBJC_MSGSEND = YES;
				ENABLE_TESTABILITY = YES;
				GCC_C_LANGUAGE_STANDARD = gnu11;
				GCC_DYNAMIC_NO_PIC = NO;
				GCC_NO_COMMON_BLOCKS = YES;
				GCC_OPTIMIZATION_LEVEL = 0;
				GCC_PREPROCESSOR_DEFINITIONS = (
					"$(inherited)",
					"DEBUG=1",
				);
				GCC_WARN_64_TO_32_BIT_CONVERSION = YES;
				GCC_WARN_ABOUT_RETURN_TYPE = YES_ERROR;
				GCC_WARN_UNDECLARED_SELECTOR = YES;
				GCC_WARN_UNINITIALIZED_AUTOS = YES_AGGRESSIVE;
				GCC_WARN_UNUSED_FUNCTION = YES;
				GCC_WARN_UNUSED_VARIABLE = YES;
				MACOSX_DEPLOYMENT_TARGET = 14.0;
				MTL_ENABLE_DEBUG_INFO = INCLUDE_SOURCE;
				MTL_FAST_MATH = YES;
				ONLY_ACTIVE_ARCH = YES;
				PRODUCT_NAME = "$(TARGET_NAME)";
				SDKROOT = macosx;
				SWIFT_ACTIVE_COMPILATION_CONDITIONS = DEBUG;
				SWIFT_OPTIMIZATION_LEVEL = "-Onone";
				SWIFT_VERSION = 6.0;
			};
			name = Debug;
		};
		D3171818AD32433BD71452F1 /* Release */ = {
			isa = XCBuildConfiguration;
			buildSettings = {
				BUNDLE_LOADER = "$(TEST_HOST)";
				COMBINE_HIDPI_IMAGES = YES;
				GENERATE_INFOPLIST_FILE = YES;
				LD_RUNPATH_SEARCH_PATHS = (
					"$(inherited)",
					"@executable_path/../Frameworks",
					"@loader_path/../Frameworks",
				);
				PRODUCT_BUNDLE_IDENTIFIER = com.szoloth.keyframe.tests;
				SDKROOT = macosx;
				TEST_HOST = "$(BUILT_PRODUCTS_DIR)/Keyframe.app/Contents/MacOS/Keyframe";
			};
			name = Release;
		};
/* End XCBuildConfiguration section */

/* Begin XCConfigurationList section */
		522D028C10D34EC7BB8991E0 /* Build configuration list for PBXNativeTarget "Keyframe" */ = {
			isa = XCConfigurationList;
			buildConfigurations = (
				27582B4FF203F03B1EDBAF81 /* Debug */,
				69F617140995D3F60C2F0B9D /* Release */,
			);
			defaultConfigurationIsVisible = 0;
			defaultConfigurationName = Debug;
		};
		EEF98EB5AF68A5C8ED5D2B60 /* Build configuration list for PBXNativeTarget "KeyframeTests" */ = {
			isa = XCConfigurationList;
			buildConfigurations = (
				4E8A9F410063D16CC211BF65 /* Debug */,
				D3171818AD32433BD71452F1 /* Release */,
			);
			defaultConfigurationIsVisible = 0;
			defaultConfigurationName = Debug;
		};
		F60907B92363D5DA92E7BBEC /* Build configuration list for PBXProject "Keyframe" */ = {
			isa = XCConfigurationList;
			buildConfigurations = (
				AACE985B5F1A9109FAB7220E /* Debug */,
				2396D76B2D47641E6E30677C /* Release */,
			);
			defaultConfigurationIsVisible = 0;
			defaultConfigurationName = Debug;
		};
/* End XCConfigurationList section */
	};
	rootObject = E541C2867633E8E800B21A67 /* Project object */;
}
